
Microsoft Visual Studio Solution File, Format Version 12.00
# Visual Studio Version 16
VisualStudioVersion = 16.0.31025.194
MinimumVisualStudioVersion = 10.0.40219.1
Project("{9A19103F-16F7-4668-BE54-9A1E7A4F7556}") = "DataAccess", "DataAccess\DataAccess.csproj", "{8839CB92-839F-45AE-BD7D-3C58902FB8F5}"
EndProject
Project("{9A19103F-16F7-4668-BE54-9A1E7A4F7556}") = "Business", "Business\Business.csproj", "{4773F035-BD00-4CF8-B503-BCA4D80BB20B}"
EndProject
Project("{9A19103F-16F7-4668-BE54-9A1E7A4F7556}") = "Entities", "Entities\Entities.csproj", "{E7928363-A36F-4F8A-9F5A-9BD9CB1BE755}"
EndProject
Project("{9A19103F-16F7-4668-BE54-9A1E7A4F7556}") = "ConsoleUI", "ConsoleUI\ConsoleUI.csproj", "{DBF54BFE-B1F6-48E2-84D5-6E9BB1637B80}"
EndProject
Project("{9A19103F-16F7-4668-BE54-9A1E7A4F7556}") = "Core", "Core\Core.csproj", "{B9945B49-A9D7-4F4A-AECB-BFD9BC966311}"
EndProject
Project("{FAE04EC0-301F-11D3-BF4B-00C04F79EFBC}") = "WebAPI", "WebAPI\WebAPI.csproj", "{C0EB5653-BDE6-4B18-BE33-0FFBAAACFACC}"
EndProject
Global
	GlobalSection(SolutionConfigurationPlatforms) = preSolution
		Debug|Any CPU = Debug|Any CPU
		Release|Any CPU = Release|Any CPU
	EndGlobalSection
	GlobalSection(ProjectConfigurationPlatforms) = postSolution
		{8839CB92-839F-45AE-BD7D-3C58902FB8F5}.Debug|Any CPU.ActiveCfg = Debug|Any CPU
		{8839CB92-839F-45AE-BD7D-3C58902FB8F5}.Debug|Any CPU.Build.0 = Debug|Any CPU
		{8839CB92-839F-45AE-BD7D-3C58902FB8F5}.Release|Any CPU.ActiveCfg = Release|Any CPU
		{8839CB92-839F-45AE-BD7D-3C58902FB8F5}.Release|Any CPU.Build.0 = Release|Any CPU
		{4773F035-BD00-4CF8-B503-BCA4D80BB20B}.Debug|Any CPU.ActiveCfg = Debug|Any CPU
		{4773F035-BD00-4CF8-B503-BCA4D80BB20B}.Debug|Any CPU.Build.0 = Debug|Any CPU
		{4773F035-BD00-4CF8-B503-BCA4D80BB20B}.Release|Any CPU.ActiveCfg = Release|Any CPU
		{4773F035-BD00-4CF8-B503-BCA4D80BB20B}.Release|Any CPU.Build.0 = Release|Any CPU
		{E7928363-A36F-4F8A-9F5A-9BD9CB1BE755}.Debug|Any CPU.ActiveCfg = Debug|Any CPU
		{E7928363-A36F-4F8A-9F5A-9BD9CB1BE755}.Debug|Any CPU.Build.0 = Debug|Any CPU
		{E7928363-A36F-4F8A-9F5A-9BD9CB1BE755}.Release|Any CPU.ActiveCfg = Release|Any CPU
		{E7928363-A36F-4F8A-9F5A-9BD9CB1BE755}.Release|Any CPU.Build.0 = Release|Any CPU
		{DBF54BFE-B1F6-48E2-84D5-6E9BB1637B80}.Debug|Any CPU.ActiveCfg = Debug|Any CPU
		{DBF54BFE-B1F6-48E2-84D5-6E9BB1637B80}.Debug|Any CPU.Build.0 = Debug|Any CPU
		{DBF54BFE-B1F6-48E2-84D5-6E9BB1637B80}.Release|Any CPU.ActiveCfg = Release|Any CPU
		{DBF54BFE-B1F6-48E2-84D5-6E9BB1637B80}.Release|Any CPU.Build.0 = Release|Any CPU
		{B9945B49-A9D7-4F4A-AECB-BFD9BC966311}.Debug|Any CPU.ActiveCfg = Debug|Any CPU
		{B9945B49-A9D7-4F4A-AECB-BFD9BC966311}.Debug|Any CPU.Build.0 = Debug|Any CPU
		{B9945B49-A9D7-4F4A-AECB-BFD9BC966311}.Release|Any CPU.ActiveCfg = Release|Any CPU
		{B9945B49-A9D7-4F4A-AECB-BFD9BC966311}.Release|Any CPU.Build.0 = Release|Any CPU
		{C0EB5653-BDE6-4B18-BE33-0FFBAAACFACC}.Debug|Any CPU.ActiveCfg = Debug|Any CPU
		{C0EB5653-BDE6-4B18-BE33-0FFBAAACFACC}.Debug|Any CPU.Build.0 = Debug|Any CPU
		{C0EB5653-BDE6-4B18-BE33-0FFBAAACFACC}.Release|Any CPU.ActiveCfg = Release|Any CPU
		{C0EB5653-BDE6-4B18-BE33-0FFBAAACFACC}.Release|Any CPU.Build.0 = Release|Any CPU
	EndGlobalSection
	GlobalSection(SolutionProperties) = preSolution
		HideSolutionNode = FALSE
	EndGlobalSection
	GlobalSection(ExtensibilityGlobals) = postSolution
		SolutionGuid = {F89AE0E0-D31F-48C8-BB1C-CB1414122F50}
	EndGlobalSection
EndGlobal
